
Microsoft Visual Studio Solution File, Format Version 12.00
# Visual Studio 2013
VisualStudioVersion = 12.0.21005.1
MinimumVisualStudioVersion = 10.0.40219.1
Project("{8BC9CEB8-8B4A-11D0-8D11-00A0C91BC942}") = "WebSocketInitStartTest", "WebSocketTest\WebSocketTest.vcxproj", "{CD919B87-C3E5-4C43-875C-FDF9FB1EB655}"
EndProject
Project("{8BC9CEB8-8B4A-11D0-8D11-00A0C91BC942}") = "MJPEGPerformanceTest", "MJPEGPerformanceTest\MJPEGPerformanceTest.vcxproj", "{7F0EAAC5-4E49-4696-9F03-DB958F66B394}"
EndProject
Project("{8BC9CEB8-8B4A-11D0-8D11-00A0C91BC942}") = "WebCamFPSPerformance", "WebCamFPSPerformance\WebCamFPSPerformance.vcxproj", "{D2945F8F-C8A0-4E70-B010-FB8FFC853603}"
EndProject
Global
	GlobalSection(SolutionConfigurationPlatforms) = preSolution
		Debug|Win32 = Debug|Win32
		Release|Win32 = Release|Win32
	EndGlobalSection
	GlobalSection(ProjectConfigurationPlatforms) = postSolution
		{CD919B87-C3E5-4C43-875C-FDF9FB1EB655}.Debug|Win32.ActiveCfg = Debug|Win32
		{CD919B87-C3E5-4C43-875C-FDF9FB1EB655}.Debug|Win32.Build.0 = Debug|Win32
		{CD919B87-C3E5-4C43-875C-FDF9FB1EB655}.Release|Win32.ActiveCfg = Release|Win32
		{CD919B87-C3E5-4C43-875C-FDF9FB1EB655}.Release|Win32.Build.0 = Release|Win32
		{7F0EAAC5-4E49-4696-9F03-DB958F66B394}.Debug|Win32.ActiveCfg = Debug|Win32
		{7F0EAAC5-4E49-4696-9F03-DB958F66B394}.Debug|Win32.Build.0 = Debug|Win32
		{7F0EAAC5-4E49-4696-9F03-DB958F66B394}.Release|Win32.ActiveCfg = Release|Win32
		{7F0EAAC5-4E49-4696-9F03-DB958F66B394}.Release|Win32.Build.0 = Release|Win32
		{D2945F8F-C8A0-4E70-B010-FB8FFC853603}.Debug|Win32.ActiveCfg = Debug|Win32
		{D2945F8F-C8A0-4E70-B010-FB8FFC853603}.Debug|Win32.Build.0 = Debug|Win32
		{D2945F8F-C8A0-4E70-B010-FB8FFC853603}.Release|Win32.ActiveCfg = Release|Win32
		{D2945F8F-C8A0-4E70-B010-FB8FFC853603}.Release|Win32.Build.0 = Release|Win32
	EndGlobalSection
	GlobalSection(SolutionProperties) = preSolution
		HideSolutionNode = FALSE
	EndGlobalSection
EndGlobal
